
Microsoft Visual Studio Solution File, Format Version 12.00
# Visual Studio Version 17
VisualStudioVersion = 17.2.32616.157
MinimumVisualStudioVersion = 10.0.40219.1
Project("{FAE04EC0-301F-11D3-BF4B-00C04F79EFBC}") = "Step0Regression", "Step0Regression.csproj", "{A16C50B9-EDA5-42C6-BAD4-D3043C1754EC}"
EndProject
Project("{E53339B2-1760-4266-BCC7-CA923CBCF16C}") = "docker-compose", "docker-compose.dcproj", "{12DA4F2C-B1EB-4CE9-B8CC-A73826963501}"
EndProject
Global
	GlobalSection(SolutionConfigurationPlatforms) = preSolution
		Debug|Any CPU = Debug|Any CPU
		Debug|x64 = Debug|x64
		Release|Any CPU = Release|Any CPU
		Release|x64 = Release|x64
	EndGlobalSection
	GlobalSection(ProjectConfigurationPlatforms) = postSolution
		{A16C50B9-EDA5-42C6-BAD4-D3043C1754EC}.Debug|Any CPU.ActiveCfg = Debug|Any CPU
		{A16C50B9-EDA5-42C6-BAD4-D3043C1754EC}.Debug|Any CPU.Build.0 = Debug|Any CPU
		{A16C50B9-EDA5-42C6-BAD4-D3043C1754EC}.Debug|x64.ActiveCfg = Debug|Any CPU
		{A16C50B9-EDA5-42C6-BAD4-D3043C1754EC}.Debug|x64.Build.0 = Debug|Any CPU
		{A16C50B9-EDA5-42C6-BAD4-D3043C1754EC}.Release|Any CPU.ActiveCfg = Release|Any CPU
		{A16C50B9-EDA5-42C6-BAD4-D3043C1754EC}.Release|Any CPU.Build.0 = Release|Any CPU
		{A16C50B9-EDA5-42C6-BAD4-D3043C1754EC}.Release|x64.ActiveCfg = Release|Any CPU
		{A16C50B9-EDA5-42C6-BAD4-D3043C1754EC}.Release|x64.Build.0 = Release|Any CPU
		{12DA4F2C-B1EB-4CE9-B8CC-A73826963501}.Debug|Any CPU.ActiveCfg = Debug|Any CPU
		{12DA4F2C-B1EB-4CE9-B8CC-A73826963501}.Debug|Any CPU.Build.0 = Debug|Any CPU
		{12DA4F2C-B1EB-4CE9-B8CC-A73826963501}.Debug|x64.ActiveCfg = Debug|Any CPU
		{12DA4F2C-B1EB-4CE9-B8CC-A73826963501}.Debug|x64.Build.0 = Debug|Any CPU
		{12DA4F2C-B1EB-4CE9-B8CC-A73826963501}.Release|Any CPU.ActiveCfg = Release|Any CPU
		{12DA4F2C-B1EB-4CE9-B8CC-A73826963501}.Release|Any CPU.Build.0 = Release|Any CPU
		{12DA4F2C-B1EB-4CE9-B8CC-A73826963501}.Release|x64.ActiveCfg = Release|Any CPU
		{12DA4F2C-B1EB-4CE9-B8CC-A73826963501}.Release|x64.Build.0 = Release|Any CPU
	EndGlobalSection
	GlobalSection(SolutionProperties) = preSolution
		HideSolutionNode = FALSE
	EndGlobalSection
	GlobalSection(ExtensibilityGlobals) = postSolution
		SolutionGuid = {DA380917-9489-4A61-B19F-4EC4C0D1766E}
	EndGlobalSection
EndGlobal
